
Microsoft Visual Studio Solution File, Format Version 12.00
# Visual Studio Version 17
VisualStudioVersion = 17.14.36616.10 d17.14
MinimumVisualStudioVersion = 10.0.40219.1
Project("{FAE04EC0-301F-11D3-BF4B-00C04F79EFBC}") = "Laba14_Vah_Kuz", "Laba14_Vah_Kuz.csproj", "{D85340E7-F926-44EC-AC02-AD972D9015A2}"
EndProject
Project("{FAE04EC0-301F-11D3-BF4B-00C04F79EFBC}") = "DataBinding", "..\DataBinding\DataBinding.csproj", "{58686444-A302-492F-925B-223826C9325B}"
EndProject
Project("{FAE04EC0-301F-11D3-BF4B-00C04F79EFBC}") = "InvoiceManagement", "..\InvoiceManagement\InvoiceManagement.csproj", "{6F254753-0AFF-4AD6-8B07-020F1CFC132A}"
EndProject
Project("{FAE04EC0-301F-11D3-BF4B-00C04F79EFBC}") = "SimpleLoginApp", "..\SimpleLoginApp\SimpleLoginApp.csproj", "{0E13C198-985D-48B0-B89B-89180279717E}"
EndProject
Global
	GlobalSection(SolutionConfigurationPlatforms) = preSolution
		Debug|Any CPU = Debug|Any CPU
		Release|Any CPU = Release|Any CPU
	EndGlobalSection
	GlobalSection(ProjectConfigurationPlatforms) = postSolution
		{D85340E7-F926-44EC-AC02-AD972D9015A2}.Debug|Any CPU.ActiveCfg = Debug|Any CPU
		{D85340E7-F926-44EC-AC02-AD972D9015A2}.Debug|Any CPU.Build.0 = Debug|Any CPU
		{D85340E7-F926-44EC-AC02-AD972D9015A2}.Release|Any CPU.ActiveCfg = Release|Any CPU
		{D85340E7-F926-44EC-AC02-AD972D9015A2}.Release|Any CPU.Build.0 = Release|Any CPU
		{58686444-A302-492F-925B-223826C9325B}.Debug|Any CPU.ActiveCfg = Debug|Any CPU
		{58686444-A302-492F-925B-223826C9325B}.Debug|Any CPU.Build.0 = Debug|Any CPU
		{58686444-A302-492F-925B-223826C9325B}.Release|Any CPU.ActiveCfg = Release|Any CPU
		{58686444-A302-492F-925B-223826C9325B}.Release|Any CPU.Build.0 = Release|Any CPU
		{6F254753-0AFF-4AD6-8B07-020F1CFC132A}.Debug|Any CPU.ActiveCfg = Debug|Any CPU
		{6F254753-0AFF-4AD6-8B07-020F1CFC132A}.Debug|Any CPU.Build.0 = Debug|Any CPU
		{6F254753-0AFF-4AD6-8B07-020F1CFC132A}.Release|Any CPU.ActiveCfg = Release|Any CPU
		{6F254753-0AFF-4AD6-8B07-020F1CFC132A}.Release|Any CPU.Build.0 = Release|Any CPU
		{0E13C198-985D-48B0-B89B-89180279717E}.Debug|Any CPU.ActiveCfg = Debug|Any CPU
		{0E13C198-985D-48B0-B89B-89180279717E}.Debug|Any CPU.Build.0 = Debug|Any CPU
		{0E13C198-985D-48B0-B89B-89180279717E}.Release|Any CPU.ActiveCfg = Release|Any CPU
		{0E13C198-985D-48B0-B89B-89180279717E}.Release|Any CPU.Build.0 = Release|Any CPU
	EndGlobalSection
	GlobalSection(SolutionProperties) = preSolution
		HideSolutionNode = FALSE
	EndGlobalSection
	GlobalSection(ExtensibilityGlobals) = postSolution
		SolutionGuid = {D0F28AFB-BFF4-4DCC-9843-4D3497BE21D1}
	EndGlobalSection
EndGlobal
